
Microsoft Visual Studio Solution File, Format Version 12.00
# Visual Studio 15
VisualStudioVersion = 15.0.27703.2042
MinimumVisualStudioVersion = 10.0.40219.1
Project("{FAE04EC0-301F-11D3-BF4B-00C04F79EFBC}") = "Ts2CsvConverter", "Ts2CsvConverter\Ts2CsvConverter.csproj", "{8C311409-B198-49C7-ACE1-9DD39124D679}"
EndProject
Project("{FAE04EC0-301F-11D3-BF4B-00C04F79EFBC}") = "Ts2CsvConverter.Tests", "Ts2CsvConverter.Tests\Ts2CsvConverter.Tests.csproj", "{4B25B8D4-B48B-4023-A7FF-6D79F050BEC0}"
EndProject
Project("{FAE04EC0-301F-11D3-BF4B-00C04F79EFBC}") = "Ts2CsvConverter.Runner", "Ts2CsvConverter.Runner\Ts2CsvConverter.Runner.csproj", "{0151F311-13C6-42B7-98DA-FDFC7AEC5CDC}"
EndProject
Global
	GlobalSection(SolutionConfigurationPlatforms) = preSolution
		Debug|Any CPU = Debug|Any CPU
		Release|Any CPU = Release|Any CPU
	EndGlobalSection
	GlobalSection(ProjectConfigurationPlatforms) = postSolution
		{8C311409-B198-49C7-ACE1-9DD39124D679}.Debug|Any CPU.ActiveCfg = Debug|Any CPU
		{8C311409-B198-49C7-ACE1-9DD39124D679}.Debug|Any CPU.Build.0 = Debug|Any CPU
		{8C311409-B198-49C7-ACE1-9DD39124D679}.Release|Any CPU.ActiveCfg = Release|Any CPU
		{8C311409-B198-49C7-ACE1-9DD39124D679}.Release|Any CPU.Build.0 = Release|Any CPU
		{4B25B8D4-B48B-4023-A7FF-6D79F050BEC0}.Debug|Any CPU.ActiveCfg = Debug|Any CPU
		{4B25B8D4-B48B-4023-A7FF-6D79F050BEC0}.Debug|Any CPU.Build.0 = Debug|Any CPU
		{4B25B8D4-B48B-4023-A7FF-6D79F050BEC0}.Release|Any CPU.ActiveCfg = Release|Any CPU
		{4B25B8D4-B48B-4023-A7FF-6D79F050BEC0}.Release|Any CPU.Build.0 = Release|Any CPU
		{0151F311-13C6-42B7-98DA-FDFC7AEC5CDC}.Debug|Any CPU.ActiveCfg = Debug|Any CPU
		{0151F311-13C6-42B7-98DA-FDFC7AEC5CDC}.Debug|Any CPU.Build.0 = Debug|Any CPU
		{0151F311-13C6-42B7-98DA-FDFC7AEC5CDC}.Release|Any CPU.ActiveCfg = Release|Any CPU
		{0151F311-13C6-42B7-98DA-FDFC7AEC5CDC}.Release|Any CPU.Build.0 = Release|Any CPU
	EndGlobalSection
	GlobalSection(SolutionProperties) = preSolution
		HideSolutionNode = FALSE
	EndGlobalSection
	GlobalSection(ExtensibilityGlobals) = postSolution
		SolutionGuid = {59528EFF-8E43-4A62-9985-514F4EC4EA89}
	EndGlobalSection
EndGlobal
